
Microsoft Visual Studio Solution File, Format Version 12.00
# Visual Studio Version 17
VisualStudioVersion = 17.1.31911.260
MinimumVisualStudioVersion = 10.0.40219.1
Project("{F184B08F-C81C-45F6-A57F-5ABD9991F28F}") = "Cyper_proj", "Cyper_proj\Cyper_proj.vbproj", "{28040861-2481-4685-9D89-940D0B77ECC7}"
EndProject
Global
	GlobalSection(SolutionConfigurationPlatforms) = preSolution
		Debug|Any CPU = Debug|Any CPU
		Debug|x86 = Debug|x86
		Release|Any CPU = Release|Any CPU
		Release|x86 = Release|x86
	EndGlobalSection
	GlobalSection(ProjectConfigurationPlatforms) = postSolution
		{28040861-2481-4685-9D89-940D0B77ECC7}.Debug|Any CPU.ActiveCfg = Debug|Any CPU
		{28040861-2481-4685-9D89-940D0B77ECC7}.Debug|Any CPU.Build.0 = Debug|Any CPU
		{28040861-2481-4685-9D89-940D0B77ECC7}.Debug|x86.ActiveCfg = Debug|x86
		{28040861-2481-4685-9D89-940D0B77ECC7}.Debug|x86.Build.0 = Debug|x86
		{28040861-2481-4685-9D89-940D0B77ECC7}.Release|Any CPU.ActiveCfg = Release|Any CPU
		{28040861-2481-4685-9D89-940D0B77ECC7}.Release|Any CPU.Build.0 = Release|Any CPU
		{28040861-2481-4685-9D89-940D0B77ECC7}.Release|x86.ActiveCfg = Release|x86
		{28040861-2481-4685-9D89-940D0B77ECC7}.Release|x86.Build.0 = Release|x86
	EndGlobalSection
	GlobalSection(SolutionProperties) = preSolution
		HideSolutionNode = FALSE
	EndGlobalSection
	GlobalSection(ExtensibilityGlobals) = postSolution
		SolutionGuid = {66DA9F49-FC42-4F5F-BFCF-0B273711BAAA}
	EndGlobalSection
EndGlobal
